{
  "name": "random-string-smg",
  "version": "1.0.0",
  "lockfileVersion": 2,
  "requires": true,
  "packages": {
    "": {
      "name": "random-string-smg",
      "version": "1.0.0",
      "license": "MIT",
      "dependencies": {
        "random-string-smg": "^1.0.0"
      },
      "bin": {
        "random-string-smg": "bin/global.js"
      }
    },
    "node_modules/random-string-smg": {
      "version": "1.0.0",
      "resolved": "https://registry.npmjs.org/random-string-smg/-/random-string-smg-1.0.0.tgz",
      "integrity": "sha512-cK5Pd0RufQT3lXFyE2vAb7SFl69UJmzBU6/sndduYmjPIoqVOZ7BBisZDgz64aI+4YTWICCa9FxBAQEEH7Myzg==",
      "bin": {
        "random-string-smg": "bin/global.js"
      }
    }
  },
  "dependencies": {
    "random-string-smg": {
      "version": "1.0.0",
      "resolved": "https://registry.npmjs.org/random-string-smg/-/random-string-smg-1.0.0.tgz",
      "integrity": "sha512-cK5Pd0RufQT3lXFyE2vAb7SFl69UJmzBU6/sndduYmjPIoqVOZ7BBisZDgz64aI+4YTWICCa9FxBAQEEH7Myzg=="
    }
  }
}
